// !$*UTF8*$!
{
	archiveVersion = 1;
	classes = {
	};
	objectVersion = 54;
	objects = {

/* Begin PBXBuildFile section */
		0876541D5A2ADB4C313DB6D9 /* Pods_RunnerTests.framework in Frameworks */ = {isa = PBXBuildFile; fileRef = 9480A404EE44ED43F64F9825 /* Pods_RunnerTests.framework */; };
		1498D2341E8E89220040F4C2 /* GeneratedPluginRegistrant.m in Sources */ = {isa = PBXBuildFile; fileRef = 1498D2331E8E89220040F4C2 /* GeneratedPluginRegistrant.m */; };
		331C808B294A63AB00263BE5 /* RunnerTests.swift in Sources */ = {isa = PBXBuildFile; fileRef = 331C807B294A618700263BE5 /* RunnerTests.swift */; };
		3B3967161E833CAA004F5970 /* AppFrameworkInfo.plist in Resources */ = {isa = PBXBuildFile; fileRef = 3B3967151E833CAA004F5970 /* AppFrameworkInfo.plist */; };
		6A89730FA3E3990E46F1D0E8 /* Pods_Runner.framework in Frameworks */ = {isa = PBXBuildFile; fileRef = F3239E267D47EA429B449DCF /* Pods_Runner.framework */; };
		74858FAF1ED2DC5600515810 /* AppDelegate.swift in Sources */ = {isa = PBXBuildFile; fileRef = 74858FAE1ED2DC5600515810 /* AppDelegate.swift */; };
		8A072E192CD776AC00B90993 /* BookDetailView.swift in Sources */ = {isa = PBXBuildFile; fileRef = 8A072E182CD776AA00B90993 /* BookDetailView.swift */; };
		8A09EF8C2CC56A6800975634 /* Todo.g.swift in Sources */ = {isa = PBXBuildFile; fileRef = 8A09EF8B2CC56A6700975634 /* Todo.g.swift */; };
		8A09EF8E2CC56B6800975634 /* TodoAppDelegate.swift in Sources */ = {isa = PBXBuildFile; fileRef = 8A09EF8D2CC56B6500975634 /* TodoAppDelegate.swift */; };
		8A09EF902CC5721300975634 /* TodoView.swift in Sources */ = {isa = PBXBuildFile; fileRef = 8A09EF8F2CC5721100975634 /* TodoView.swift */; };
		8A1BD05C2CC8056F0080AAEE /* TodoWatchSessionDelegate.swift in Sources */ = {isa = PBXBuildFile; fileRef = 8A1BD05B2CC805650080AAEE /* TodoWatchSessionDelegate.swift */; };
		8A1BD05E2CC805970080AAEE /* Todo.swift in Sources */ = {isa = PBXBuildFile; fileRef = 8A1BD05D2CC805960080AAEE /* Todo.swift */; };
		8A920A102CD88E41009E5845 /* HomeTabView.swift in Sources */ = {isa = PBXBuildFile; fileRef = 8A920A0F2CD88E3E009E5845 /* HomeTabView.swift */; };
		8AA38B902CC8D4AB005C18A4 /* BatteryAppDelegate.swift in Sources */ = {isa = PBXBuildFile; fileRef = 8AA38B8F2CC8D4A1005C18A4 /* BatteryAppDelegate.swift */; };
		8AB596452D04208F008D7C36 /* Preference.g.swift in Sources */ = {isa = PBXBuildFile; fileRef = 8AB596442D04208F008D7C36 /* Preference.g.swift */; };
		8AC1D40D2CC4FA490016AFC6 /* Battery.g.swift in Sources */ = {isa = PBXBuildFile; fileRef = 8AC1D40C2CC4FA460016AFC6 /* Battery.g.swift */; };
		8AC1D40F2CC4FA790016AFC6 /* BatteryHostApiImpl.swift in Sources */ = {isa = PBXBuildFile; fileRef = 8AC1D40E2CC4FA780016AFC6 /* BatteryHostApiImpl.swift */; };
		8AC1D4162CC500760016AFC6 /* Text.g.swift in Sources */ = {isa = PBXBuildFile; fileRef = 8AC1D4152CC500740016AFC6 /* Text.g.swift */; };
		8AC1D4182CC500980016AFC6 /* TextApi.swift in Sources */ = {isa = PBXBuildFile; fileRef = 8AC1D4172CC500930016AFC6 /* TextApi.swift */; };
		8AC1D41A2CC501C40016AFC6 /* NativeView.swift in Sources */ = {isa = PBXBuildFile; fileRef = 8AC1D4192CC501C10016AFC6 /* NativeView.swift */; };
		8AC1D41C2CC501DF0016AFC6 /* PigeonMultiInstanceBinaryMessengerWrapper.swift in Sources */ = {isa = PBXBuildFile; fileRef = 8AC1D41B2CC501DF0016AFC6 /* PigeonMultiInstanceBinaryMessengerWrapper.swift */; };
		8AC1D41E2CC5020B0016AFC6 /* NativeViewFactory.swift in Sources */ = {isa = PBXBuildFile; fileRef = 8AC1D41D2CC502040016AFC6 /* NativeViewFactory.swift */; };
		8AC1D4212CC508350016AFC6 /* FlutterCommunication.g.swift in Sources */ = {isa = PBXBuildFile; fileRef = 8AC1D4202CC508310016AFC6 /* FlutterCommunication.g.swift */; };
		8AC9BA6D2CC51ECD007629B5 /* MyWatch Watch App.app in Embed Watch Content */ = {isa = PBXBuildFile; fileRef = 8AC9BA4A2CC51ECC007629B5 /* MyWatch Watch App.app */; settings = {ATTRIBUTES = (RemoveHeadersOnCopy, ); }; };
		8AC9BA812CC51ED5007629B5 /* ContentView.swift in Sources */ = {isa = PBXBuildFile; fileRef = 8AC9BA7E2CC51ED5007629B5 /* ContentView.swift */; };
		8AC9BA822CC51ED5007629B5 /* MyWatchApp.swift in Sources */ = {isa = PBXBuildFile; fileRef = 8AC9BA7F2CC51ED5007629B5 /* MyWatchApp.swift */; };
		8AC9BA832CC51ED5007629B5 /* Preview Assets.xcassets in Resources */ = {isa = PBXBuildFile; fileRef = 8AC9BA7B2CC51ED5007629B5 /* Preview Assets.xcassets */; };
		8AC9BA842CC51ED5007629B5 /* Assets.xcassets in Resources */ = {isa = PBXBuildFile; fileRef = 8AC9BA7D2CC51ED5007629B5 /* Assets.xcassets */; };
		8AC9BA872CC51ED8007629B5 /* MyWatch_Watch_AppTests.swift in Sources */ = {isa = PBXBuildFile; fileRef = 8AC9BA852CC51ED8007629B5 /* MyWatch_Watch_AppTests.swift */; };
		8AC9BA8B2CC51EDA007629B5 /* MyWatch_Watch_AppUITests.swift in Sources */ = {isa = PBXBuildFile; fileRef = 8AC9BA882CC51EDA007629B5 /* MyWatch_Watch_AppUITests.swift */; };
		8AC9BA8C2CC51EDA007629B5 /* MyWatch_Watch_AppUITestsLaunchTests.swift in Sources */ = {isa = PBXBuildFile; fileRef = 8AC9BA892CC51EDA007629B5 /* MyWatch_Watch_AppUITestsLaunchTests.swift */; };
		8ADC52E42CC6A3CC0001A4DF /* BookAppDelegate.swift in Sources */ = {isa = PBXBuildFile; fileRef = 8ADC52E32CC6A3C80001A4DF /* BookAppDelegate.swift */; };
		8ADC52E62CC6A4BD0001A4DF /* Book.g.swift in Sources */ = {isa = PBXBuildFile; fileRef = 8ADC52E52CC6A4BC0001A4DF /* Book.g.swift */; };
		8ADC52E82CC6B7780001A4DF /* BookListView.swift in Sources */ = {isa = PBXBuildFile; fileRef = 8ADC52E72CC6B7750001A4DF /* BookListView.swift */; };
		8ADC52EA2CC6B78B0001A4DF /* RecordListView.swift in Sources */ = {isa = PBXBuildFile; fileRef = 8ADC52E92CC6B77F0001A4DF /* RecordListView.swift */; };
		8ADC52EC2CC778E20001A4DF /* Book.swift in Sources */ = {isa = PBXBuildFile; fileRef = 8ADC52EB2CC778DF0001A4DF /* Book.swift */; };
		8ADC52EE2CC779FF0001A4DF /* WCSessionManager.swift in Sources */ = {isa = PBXBuildFile; fileRef = 8ADC52ED2CC779FF0001A4DF /* WCSessionManager.swift */; };
		8ADC52F02CC7806D0001A4DF /* WCSessionManager.swift in Sources */ = {isa = PBXBuildFile; fileRef = 8ADC52EF2CC7806B0001A4DF /* WCSessionManager.swift */; };
		8ADC52F22CC782A30001A4DF /* Record.swift in Sources */ = {isa = PBXBuildFile; fileRef = 8ADC52F12CC782A10001A4DF /* Record.swift */; };
		97C146FC1CF9000F007C117D /* Main.storyboard in Resources */ = {isa = PBXBuildFile; fileRef = 97C146FA1CF9000F007C117D /* Main.storyboard */; };
		97C146FE1CF9000F007C117D /* Assets.xcassets in Resources */ = {isa = PBXBuildFile; fileRef = 97C146FD1CF9000F007C117D /* Assets.xcassets */; };
		97C147011CF9000F007C117D /* LaunchScreen.storyboard in Resources */ = {isa = PBXBuildFile; fileRef = 97C146FF1CF9000F007C117D /* LaunchScreen.storyboard */; };
		EFFFAA30276722A25F883F2E /* GoogleService-Info.plist in Resources */ = {isa = PBXBuildFile; fileRef = 3C9D4009DB75A78A4F89CA8B /* GoogleService-Info.plist */; };
/* End PBXBuildFile section */

/* Begin PBXContainerItemProxy section */
		331C8085294A63A400263BE5 /* PBXContainerItemProxy */ = {
			isa = PBXContainerItemProxy;
			containerPortal = 97C146E61CF9000F007C117D /* Project object */;
			proxyType = 1;
			remoteGlobalIDString = 97C146ED1CF9000F007C117D;
			remoteInfo = Runner;
		};
		8AC9BA5A2CC51ECD007629B5 /* PBXContainerItemProxy */ = {
			isa = PBXContainerItemProxy;
			containerPortal = 97C146E61CF9000F007C117D /* Project object */;
			proxyType = 1;
			remoteGlobalIDString = 8AC9BA492CC51ECC007629B5;
			remoteInfo = "MyWatch Watch App";
		};
		8AC9BA642CC51ECD007629B5 /* PBXContainerItemProxy */ = {
			isa = PBXContainerItemProxy;
			containerPortal = 97C146E61CF9000F007C117D /* Project object */;
			proxyType = 1;
			remoteGlobalIDString = 8AC9BA492CC51ECC007629B5;
			remoteInfo = "MyWatch Watch App";
		};
		8AC9BA6B2CC51ECD007629B5 /* PBXContainerItemProxy */ = {
			isa = PBXContainerItemProxy;
			containerPortal = 97C146E61CF9000F007C117D /* Project object */;
			proxyType = 1;
			remoteGlobalIDString = 8AC9BA492CC51ECC007629B5;
			remoteInfo = "MyWatch Watch App";
		};
/* End PBXContainerItemProxy section */

/* Begin PBXCopyFilesBuildPhase section */
		8AC9BA6E2CC51ECD007629B5 /* Embed Watch Content */ = {
			isa = PBXCopyFilesBuildPhase;
			buildActionMask = 2147483647;
			dstPath = "$(CONTENTS_FOLDER_PATH)/Watch";
			dstSubfolderSpec = 16;
			files = (
				8AC9BA6D2CC51ECD007629B5 /* MyWatch Watch App.app in Embed Watch Content */,
			);
			name = "Embed Watch Content";
			runOnlyForDeploymentPostprocessing = 0;
		};
		9705A1C41CF9048500538489 /* Embed Frameworks */ = {
			isa = PBXCopyFilesBuildPhase;
			buildActionMask = 2147483647;
			dstPath = "";
			dstSubfolderSpec = 10;
			files = (
			);
			name = "Embed Frameworks";
			runOnlyForDeploymentPostprocessing = 0;
		};
/* End PBXCopyFilesBuildPhase section */

/* Begin PBXFileReference section */
		0CEB994BA8EA58ED28578896 /* Pods-Runner.profile.xcconfig */ = {isa = PBXFileReference; includeInIndex = 1; lastKnownFileType = text.xcconfig; name = "Pods-Runner.profile.xcconfig"; path = "Target Support Files/Pods-Runner/Pods-Runner.profile.xcconfig"; sourceTree = "<group>"; };
		1498D2321E8E86230040F4C2 /* GeneratedPluginRegistrant.h */ = {isa = PBXFileReference; lastKnownFileType = sourcecode.c.h; path = GeneratedPluginRegistrant.h; sourceTree = "<group>"; };
		1498D2331E8E89220040F4C2 /* GeneratedPluginRegistrant.m */ = {isa = PBXFileReference; fileEncoding = 4; lastKnownFileType = sourcecode.c.objc; path = GeneratedPluginRegistrant.m; sourceTree = "<group>"; };
		331C807B294A618700263BE5 /* RunnerTests.swift */ = {isa = PBXFileReference; lastKnownFileType = sourcecode.swift; path = RunnerTests.swift; sourceTree = "<group>"; };
		331C8081294A63A400263BE5 /* RunnerTests.xctest */ = {isa = PBXFileReference; explicitFileType = wrapper.cfbundle; includeInIndex = 0; path = RunnerTests.xctest; sourceTree = BUILT_PRODUCTS_DIR; };
		3B3967151E833CAA004F5970 /* AppFrameworkInfo.plist */ = {isa = PBXFileReference; fileEncoding = 4; lastKnownFileType = text.plist.xml; name = AppFrameworkInfo.plist; path = Flutter/AppFrameworkInfo.plist; sourceTree = "<group>"; };
		3C9D4009DB75A78A4F89CA8B /* GoogleService-Info.plist */ = {isa = PBXFileReference; includeInIndex = 1; lastKnownFileType = text.plist.xml; name = "GoogleService-Info.plist"; path = "Runner/GoogleService-Info.plist"; sourceTree = "<group>"; };
		5303FD8C28E530E3AE35B9E0 /* Pods-RunnerTests.release.xcconfig */ = {isa = PBXFileReference; includeInIndex = 1; lastKnownFileType = text.xcconfig; name = "Pods-RunnerTests.release.xcconfig"; path = "Target Support Files/Pods-RunnerTests/Pods-RunnerTests.release.xcconfig"; sourceTree = "<group>"; };
		670528EB2474F782635B0EB1 /* Pods-Runner.release.xcconfig */ = {isa = PBXFileReference; includeInIndex = 1; lastKnownFileType = text.xcconfig; name = "Pods-Runner.release.xcconfig"; path = "Target Support Files/Pods-Runner/Pods-Runner.release.xcconfig"; sourceTree = "<group>"; };
		700DECA582BF434E4C487422 /* Pods-Runner.debug.xcconfig */ = {isa = PBXFileReference; includeInIndex = 1; lastKnownFileType = text.xcconfig; name = "Pods-Runner.debug.xcconfig"; path = "Target Support Files/Pods-Runner/Pods-Runner.debug.xcconfig"; sourceTree = "<group>"; };
		74858FAD1ED2DC5600515810 /* Runner-Bridging-Header.h */ = {isa = PBXFileReference; lastKnownFileType = sourcecode.c.h; path = "Runner-Bridging-Header.h"; sourceTree = "<group>"; };
		74858FAE1ED2DC5600515810 /* AppDelegate.swift */ = {isa = PBXFileReference; fileEncoding = 4; lastKnownFileType = sourcecode.swift; path = AppDelegate.swift; sourceTree = "<group>"; };
		7AFA3C8E1D35360C0083082E /* Release.xcconfig */ = {isa = PBXFileReference; lastKnownFileType = text.xcconfig; name = Release.xcconfig; path = Flutter/Release.xcconfig; sourceTree = "<group>"; };
		8A072E182CD776AA00B90993 /* BookDetailView.swift */ = {isa = PBXFileReference; lastKnownFileType = sourcecode.swift; path = BookDetailView.swift; sourceTree = "<group>"; };
		8A09EF8B2CC56A6700975634 /* Todo.g.swift */ = {isa = PBXFileReference; lastKnownFileType = sourcecode.swift; path = Todo.g.swift; sourceTree = "<group>"; };
		8A09EF8D2CC56B6500975634 /* TodoAppDelegate.swift */ = {isa = PBXFileReference; lastKnownFileType = sourcecode.swift; path = TodoAppDelegate.swift; sourceTree = "<group>"; };
		8A09EF8F2CC5721100975634 /* TodoView.swift */ = {isa = PBXFileReference; lastKnownFileType = sourcecode.swift; path = TodoView.swift; sourceTree = "<group>"; };
		8A1BD05B2CC805650080AAEE /* TodoWatchSessionDelegate.swift */ = {isa = PBXFileReference; lastKnownFileType = sourcecode.swift; path = TodoWatchSessionDelegate.swift; sourceTree = "<group>"; };
		8A1BD05D2CC805960080AAEE /* Todo.swift */ = {isa = PBXFileReference; lastKnownFileType = sourcecode.swift; path = Todo.swift; sourceTree = "<group>"; };
		8A920A0F2CD88E3E009E5845 /* HomeTabView.swift */ = {isa = PBXFileReference; lastKnownFileType = sourcecode.swift; path = HomeTabView.swift; sourceTree = "<group>"; };
		8AA38B8F2CC8D4A1005C18A4 /* BatteryAppDelegate.swift */ = {isa = PBXFileReference; lastKnownFileType = sourcecode.swift; path = BatteryAppDelegate.swift; sourceTree = "<group>"; };
		8AB596442D04208F008D7C36 /* Preference.g.swift */ = {isa = PBXFileReference; lastKnownFileType = sourcecode.swift; path = Preference.g.swift; sourceTree = "<group>"; };
		8AC1D40C2CC4FA460016AFC6 /* Battery.g.swift */ = {isa = PBXFileReference; lastKnownFileType = sourcecode.swift; path = Battery.g.swift; sourceTree = "<group>"; };
		8AC1D40E2CC4FA780016AFC6 /* BatteryHostApiImpl.swift */ = {isa = PBXFileReference; lastKnownFileType = sourcecode.swift; path = BatteryHostApiImpl.swift; sourceTree = "<group>"; };
		8AC1D4152CC500740016AFC6 /* Text.g.swift */ = {isa = PBXFileReference; lastKnownFileType = sourcecode.swift; path = Text.g.swift; sourceTree = "<group>"; };
		8AC1D4172CC500930016AFC6 /* TextApi.swift */ = {isa = PBXFileReference; lastKnownFileType = sourcecode.swift; path = TextApi.swift; sourceTree = "<group>"; };
		8AC1D4192CC501C10016AFC6 /* NativeView.swift */ = {isa = PBXFileReference; lastKnownFileType = sourcecode.swift; path = NativeView.swift; sourceTree = "<group>"; };
		8AC1D41B2CC501DF0016AFC6 /* PigeonMultiInstanceBinaryMessengerWrapper.swift */ = {isa = PBXFileReference; lastKnownFileType = sourcecode.swift; path = PigeonMultiInstanceBinaryMessengerWrapper.swift; sourceTree = "<group>"; };
		8AC1D41D2CC502040016AFC6 /* NativeViewFactory.swift */ = {isa = PBXFileReference; lastKnownFileType = sourcecode.swift; path = NativeViewFactory.swift; sourceTree = "<group>"; };
		8AC1D4202CC508310016AFC6 /* FlutterCommunication.g.swift */ = {isa = PBXFileReference; lastKnownFileType = sourcecode.swift; path = FlutterCommunication.g.swift; sourceTree = "<group>"; };
		8AC9BA4A2CC51ECC007629B5 /* MyWatch Watch App.app */ = {isa = PBXFileReference; explicitFileType = wrapper.application; includeInIndex = 0; path = "MyWatch Watch App.app"; sourceTree = BUILT_PRODUCTS_DIR; };
		8AC9BA592CC51ECD007629B5 /* MyWatch Watch AppTests.xctest */ = {isa = PBXFileReference; explicitFileType = wrapper.cfbundle; includeInIndex = 0; path = "MyWatch Watch AppTests.xctest"; sourceTree = BUILT_PRODUCTS_DIR; };
		8AC9BA632CC51ECD007629B5 /* MyWatch Watch AppUITests.xctest */ = {isa = PBXFileReference; explicitFileType = wrapper.cfbundle; includeInIndex = 0; path = "MyWatch Watch AppUITests.xctest"; sourceTree = BUILT_PRODUCTS_DIR; };
		8AC9BA7B2CC51ED5007629B5 /* Preview Assets.xcassets */ = {isa = PBXFileReference; lastKnownFileType = folder.assetcatalog; path = "Preview Assets.xcassets"; sourceTree = "<group>"; };
		8AC9BA7D2CC51ED5007629B5 /* Assets.xcassets */ = {isa = PBXFileReference; lastKnownFileType = folder.assetcatalog; path = Assets.xcassets; sourceTree = "<group>"; };
		8AC9BA7E2CC51ED5007629B5 /* ContentView.swift */ = {isa = PBXFileReference; lastKnownFileType = sourcecode.swift; path = ContentView.swift; sourceTree = "<group>"; };
		8AC9BA7F2CC51ED5007629B5 /* MyWatchApp.swift */ = {isa = PBXFileReference; lastKnownFileType = sourcecode.swift; path = MyWatchApp.swift; sourceTree = "<group>"; };
		8AC9BA852CC51ED8007629B5 /* MyWatch_Watch_AppTests.swift */ = {isa = PBXFileReference; lastKnownFileType = sourcecode.swift; path = MyWatch_Watch_AppTests.swift; sourceTree = "<group>"; };
		8AC9BA882CC51EDA007629B5 /* MyWatch_Watch_AppUITests.swift */ = {isa = PBXFileReference; lastKnownFileType = sourcecode.swift; path = MyWatch_Watch_AppUITests.swift; sourceTree = "<group>"; };
		8AC9BA892CC51EDA007629B5 /* MyWatch_Watch_AppUITestsLaunchTests.swift */ = {isa = PBXFileReference; lastKnownFileType = sourcecode.swift; path = MyWatch_Watch_AppUITestsLaunchTests.swift; sourceTree = "<group>"; };
		8ADC52E32CC6A3C80001A4DF /* BookAppDelegate.swift */ = {isa = PBXFileReference; lastKnownFileType = sourcecode.swift; path = BookAppDelegate.swift; sourceTree = "<group>"; };
		8ADC52E52CC6A4BC0001A4DF /* Book.g.swift */ = {isa = PBXFileReference; lastKnownFileType = sourcecode.swift; path = Book.g.swift; sourceTree = "<group>"; };
		8ADC52E72CC6B7750001A4DF /* BookListView.swift */ = {isa = PBXFileReference; lastKnownFileType = sourcecode.swift; path = BookListView.swift; sourceTree = "<group>"; };
		8ADC52E92CC6B77F0001A4DF /* RecordListView.swift */ = {isa = PBXFileReference; lastKnownFileType = sourcecode.swift; path = RecordListView.swift; sourceTree = "<group>"; };
		8ADC52EB2CC778DF0001A4DF /* Book.swift */ = {isa = PBXFileReference; lastKnownFileType = sourcecode.swift; path = Book.swift; sourceTree = "<group>"; };
		8ADC52ED2CC779FF0001A4DF /* WCSessionManager.swift */ = {isa = PBXFileReference; lastKnownFileType = sourcecode.swift; path = WCSessionManager.swift; sourceTree = "<group>"; };
		8ADC52EF2CC7806B0001A4DF /* WCSessionManager.swift */ = {isa = PBXFileReference; lastKnownFileType = sourcecode.swift; path = WCSessionManager.swift; sourceTree = "<group>"; };
		8ADC52F12CC782A10001A4DF /* Record.swift */ = {isa = PBXFileReference; lastKnownFileType = sourcecode.swift; path = Record.swift; sourceTree = "<group>"; };
		9480A404EE44ED43F64F9825 /* Pods_RunnerTests.framework */ = {isa = PBXFileReference; explicitFileType = wrapper.framework; includeInIndex = 0; path = Pods_RunnerTests.framework; sourceTree = BUILT_PRODUCTS_DIR; };
		9740EEB21CF90195004384FC /* Debug.xcconfig */ = {isa = PBXFileReference; fileEncoding = 4; lastKnownFileType = text.xcconfig; name = Debug.xcconfig; path = Flutter/Debug.xcconfig; sourceTree = "<group>"; };
		9740EEB31CF90195004384FC /* Generated.xcconfig */ = {isa = PBXFileReference; fileEncoding = 4; lastKnownFileType = text.xcconfig; name = Generated.xcconfig; path = Flutter/Generated.xcconfig; sourceTree = "<group>"; };
		97C146EE1CF9000F007C117D /* Runner.app */ = {isa = PBXFileReference; explicitFileType = wrapper.application; includeInIndex = 0; path = Runner.app; sourceTree = BUILT_PRODUCTS_DIR; };
		97C146FB1CF9000F007C117D /* Base */ = {isa = PBXFileReference; lastKnownFileType = file.storyboard; name = Base; path = Base.lproj/Main.storyboard; sourceTree = "<group>"; };
		97C146FD1CF9000F007C117D /* Assets.xcassets */ = {isa = PBXFileReference; lastKnownFileType = folder.assetcatalog; path = Assets.xcassets; sourceTree = "<group>"; };
		97C147001CF9000F007C117D /* Base */ = {isa = PBXFileReference; lastKnownFileType = file.storyboard; name = Base; path = Base.lproj/LaunchScreen.storyboard; sourceTree = "<group>"; };
		97C147021CF9000F007C117D /* Info.plist */ = {isa = PBXFileReference; lastKnownFileType = text.plist.xml; path = Info.plist; sourceTree = "<group>"; };
		986A13FB96C8434CDFAB5A45 /* Pods-RunnerTests.profile.xcconfig */ = {isa = PBXFileReference; includeInIndex = 1; lastKnownFileType = text.xcconfig; name = "Pods-RunnerTests.profile.xcconfig"; path = "Target Support Files/Pods-RunnerTests/Pods-RunnerTests.profile.xcconfig"; sourceTree = "<group>"; };
		DCC7AFEA1934C65DEC890695 /* Pods-RunnerTests.debug.xcconfig */ = {isa = PBXFileReference; includeInIndex = 1; lastKnownFileType = text.xcconfig; name = "Pods-RunnerTests.debug.xcconfig"; path = "Target Support Files/Pods-RunnerTests/Pods-RunnerTests.debug.xcconfig"; sourceTree = "<group>"; };
		F3239E267D47EA429B449DCF /* Pods_Runner.framework */ = {isa = PBXFileReference; explicitFileType = wrapper.framework; includeInIndex = 0; path = Pods_Runner.framework; sourceTree = BUILT_PRODUCTS_DIR; };
/* End PBXFileReference section */

/* Begin PBXFrameworksBuildPhase section */
		8AC9BA472CC51ECC007629B5 /* Frameworks */ = {
			isa = PBXFrameworksBuildPhase;
			buildActionMask = 2147483647;
			files = (
			);
			runOnlyForDeploymentPostprocessing = 0;
		};
		8AC9BA562CC51ECD007629B5 /* Frameworks */ = {
			isa = PBXFrameworksBuildPhase;
			buildActionMask = 2147483647;
			files = (
			);
			runOnlyForDeploymentPostprocessing = 0;
		};
		8AC9BA602CC51ECD007629B5 /* Frameworks */ = {
			isa = PBXFrameworksBuildPhase;
			buildActionMask = 2147483647;
			files = (
			);
			runOnlyForDeploymentPostprocessing = 0;
		};
		97C146EB1CF9000F007C117D /* Frameworks */ = {
			isa = PBXFrameworksBuildPhase;
			buildActionMask = 2147483647;
			files = (
				6A89730FA3E3990E46F1D0E8 /* Pods_Runner.framework in Frameworks */,
			);
			runOnlyForDeploymentPostprocessing = 0;
		};
		D161DFC9D06ED7D31E5BDE2C /* Frameworks */ = {
			isa = PBXFrameworksBuildPhase;
			buildActionMask = 2147483647;
			files = (
				0876541D5A2ADB4C313DB6D9 /* Pods_RunnerTests.framework in Frameworks */,
			);
			runOnlyForDeploymentPostprocessing = 0;
		};
/* End PBXFrameworksBuildPhase section */

/* Begin PBXGroup section */
		331C8082294A63A400263BE5 /* RunnerTests */ = {
			isa = PBXGroup;
			children = (
				331C807B294A618700263BE5 /* RunnerTests.swift */,
			);
			path = RunnerTests;
			sourceTree = "<group>";
		};
		74567CA00E07F24B4A80570A /* Pods */ = {
			isa = PBXGroup;
			children = (
				700DECA582BF434E4C487422 /* Pods-Runner.debug.xcconfig */,
				670528EB2474F782635B0EB1 /* Pods-Runner.release.xcconfig */,
				0CEB994BA8EA58ED28578896 /* Pods-Runner.profile.xcconfig */,
				DCC7AFEA1934C65DEC890695 /* Pods-RunnerTests.debug.xcconfig */,
				5303FD8C28E530E3AE35B9E0 /* Pods-RunnerTests.release.xcconfig */,
				986A13FB96C8434CDFAB5A45 /* Pods-RunnerTests.profile.xcconfig */,
			);
			path = Pods;
			sourceTree = "<group>";
		};
		8A09EF8A2CC56A2B00975634 /* Todo */ = {
			isa = PBXGroup;
			children = (
				8A09EF8B2CC56A6700975634 /* Todo.g.swift */,
			);
			path = Todo;
			sourceTree = "<group>";
		};
		8AB596432D042084008D7C36 /* Preference */ = {
			isa = PBXGroup;
			children = (
				8AB596442D04208F008D7C36 /* Preference.g.swift */,
			);
			path = Preference;
			sourceTree = "<group>";
		};
		8AC1D40B2CC4FA310016AFC6 /* Battery */ = {
			isa = PBXGroup;
			children = (
				8AC1D40E2CC4FA780016AFC6 /* BatteryHostApiImpl.swift */,
				8AC1D40C2CC4FA460016AFC6 /* Battery.g.swift */,
			);
			path = Battery;
			sourceTree = "<group>";
		};
		8AC1D4102CC4FDD50016AFC6 /* Text */ = {
			isa = PBXGroup;
			children = (
				8AC1D41D2CC502040016AFC6 /* NativeViewFactory.swift */,
				8AC1D41B2CC501DF0016AFC6 /* PigeonMultiInstanceBinaryMessengerWrapper.swift */,
				8AC1D4192CC501C10016AFC6 /* NativeView.swift */,
				8AC1D4172CC500930016AFC6 /* TextApi.swift */,
				8AC1D4152CC500740016AFC6 /* Text.g.swift */,
			);
			path = Text;
			sourceTree = "<group>";
		};
		8AC1D41F2CC508090016AFC6 /* FlutterCommunication */ = {
			isa = PBXGroup;
			children = (
				8AC1D4202CC508310016AFC6 /* FlutterCommunication.g.swift */,
			);
			path = FlutterCommunication;
			sourceTree = "<group>";
		};
		8AC666662CC63F5B00DF5A27 /* Book */ = {
			isa = PBXGroup;
			children = (
				8ADC52E52CC6A4BC0001A4DF /* Book.g.swift */,
			);
			path = Book;
			sourceTree = "<group>";
		};
		8AC9BA7C2CC51ED5007629B5 /* Preview Content */ = {
			isa = PBXGroup;
			children = (
				8AC9BA7B2CC51ED5007629B5 /* Preview Assets.xcassets */,
			);
			path = "Preview Content";
			sourceTree = "<group>";
		};
		8AC9BA802CC51ED5007629B5 /* MyWatch Watch App */ = {
			isa = PBXGroup;
			children = (
				8AC9BA7C2CC51ED5007629B5 /* Preview Content */,
				8AC9BA7D2CC51ED5007629B5 /* Assets.xcassets */,
				8A920A0F2CD88E3E009E5845 /* HomeTabView.swift */,
				8A1BD05B2CC805650080AAEE /* TodoWatchSessionDelegate.swift */,
				8ADC52ED2CC779FF0001A4DF /* WCSessionManager.swift */,
				8ADC52EB2CC778DF0001A4DF /* Book.swift */,
				8A1BD05D2CC805960080AAEE /* Todo.swift */,
				8ADC52F12CC782A10001A4DF /* Record.swift */,
				8ADC52E92CC6B77F0001A4DF /* RecordListView.swift */,
				8ADC52E72CC6B7750001A4DF /* BookListView.swift */,
				8A072E182CD776AA00B90993 /* BookDetailView.swift */,
				8A09EF8F2CC5721100975634 /* TodoView.swift */,
				8AC9BA7E2CC51ED5007629B5 /* ContentView.swift */,
				8AC9BA7F2CC51ED5007629B5 /* MyWatchApp.swift */,
			);
			path = "MyWatch Watch App";
			sourceTree = "<group>";
		};
		8AC9BA862CC51ED8007629B5 /* MyWatch Watch AppTests */ = {
			isa = PBXGroup;
			children = (
				8AC9BA852CC51ED8007629B5 /* MyWatch_Watch_AppTests.swift */,
			);
			path = "MyWatch Watch AppTests";
			sourceTree = "<group>";
		};
		8AC9BA8A2CC51EDA007629B5 /* MyWatch Watch AppUITests */ = {
			isa = PBXGroup;
			children = (
				8AC9BA882CC51EDA007629B5 /* MyWatch_Watch_AppUITests.swift */,
				8AC9BA892CC51EDA007629B5 /* MyWatch_Watch_AppUITestsLaunchTests.swift */,
			);
			path = "MyWatch Watch AppUITests";
			sourceTree = "<group>";
		};
		9740EEB11CF90186004384FC /* Flutter */ = {
			isa = PBXGroup;
			children = (
				3B3967151E833CAA004F5970 /* AppFrameworkInfo.plist */,
				9740EEB21CF90195004384FC /* Debug.xcconfig */,
				7AFA3C8E1D35360C0083082E /* Release.xcconfig */,
				9740EEB31CF90195004384FC /* Generated.xcconfig */,
			);
			name = Flutter;
			sourceTree = "<group>";
		};
		97C146E51CF9000F007C117D = {
			isa = PBXGroup;
			children = (
				9740EEB11CF90186004384FC /* Flutter */,
				97C146F01CF9000F007C117D /* Runner */,
				8AC9BA802CC51ED5007629B5 /* MyWatch Watch App */,
				8AC9BA862CC51ED8007629B5 /* MyWatch Watch AppTests */,
				8AC9BA8A2CC51EDA007629B5 /* MyWatch Watch AppUITests */,
				97C146EF1CF9000F007C117D /* Products */,
				331C8082294A63A400263BE5 /* RunnerTests */,
				3C9D4009DB75A78A4F89CA8B /* GoogleService-Info.plist */,
				74567CA00E07F24B4A80570A /* Pods */,
				DCA18F44F9EEA80259290273 /* Frameworks */,
			);
			sourceTree = "<group>";
		};
		97C146EF1CF9000F007C117D /* Products */ = {
			isa = PBXGroup;
			children = (
				97C146EE1CF9000F007C117D /* Runner.app */,
				331C8081294A63A400263BE5 /* RunnerTests.xctest */,
				8AC9BA4A2CC51ECC007629B5 /* MyWatch Watch App.app */,
				8AC9BA592CC51ECD007629B5 /* MyWatch Watch AppTests.xctest */,
				8AC9BA632CC51ECD007629B5 /* MyWatch Watch AppUITests.xctest */,
			);
			name = Products;
			sourceTree = "<group>";
		};
		97C146F01CF9000F007C117D /* Runner */ = {
			isa = PBXGroup;
			children = (
				8AB596432D042084008D7C36 /* Preference */,
				8AC666662CC63F5B00DF5A27 /* Book */,
				8A09EF8A2CC56A2B00975634 /* Todo */,
				8AC1D41F2CC508090016AFC6 /* FlutterCommunication */,
				8AC1D4102CC4FDD50016AFC6 /* Text */,
				8AC1D40B2CC4FA310016AFC6 /* Battery */,
				97C146FA1CF9000F007C117D /* Main.storyboard */,
				97C146FD1CF9000F007C117D /* Assets.xcassets */,
				97C146FF1CF9000F007C117D /* LaunchScreen.storyboard */,
				97C147021CF9000F007C117D /* Info.plist */,
				1498D2321E8E86230040F4C2 /* GeneratedPluginRegistrant.h */,
				1498D2331E8E89220040F4C2 /* GeneratedPluginRegistrant.m */,
				8AA38B8F2CC8D4A1005C18A4 /* BatteryAppDelegate.swift */,
				8ADC52EF2CC7806B0001A4DF /* WCSessionManager.swift */,
				8ADC52E32CC6A3C80001A4DF /* BookAppDelegate.swift */,
				74858FAE1ED2DC5600515810 /* AppDelegate.swift */,
				8A09EF8D2CC56B6500975634 /* TodoAppDelegate.swift */,
				74858FAD1ED2DC5600515810 /* Runner-Bridging-Header.h */,
			);
			path = Runner;
			sourceTree = "<group>";
		};
		DCA18F44F9EEA80259290273 /* Frameworks */ = {
			isa = PBXGroup;
			children = (
				F3239E267D47EA429B449DCF /* Pods_Runner.framework */,
				9480A404EE44ED43F64F9825 /* Pods_RunnerTests.framework */,
			);
			name = Frameworks;
			sourceTree = "<group>";
		};
/* End PBXGroup section */

/* Begin PBXNativeTarget section */
		331C8080294A63A400263BE5 /* RunnerTests */ = {
			isa = PBXNativeTarget;
			buildConfigurationList = 331C8087294A63A400263BE5 /* Build configuration list for PBXNativeTarget "RunnerTests" */;
			buildPhases = (
				C1D6864C25F00B3C67CAF16C /* [CP] Check Pods Manifest.lock */,
				331C807D294A63A400263BE5 /* Sources */,
				331C807F294A63A400263BE5 /* Resources */,
				D161DFC9D06ED7D31E5BDE2C /* Frameworks */,
			);
			buildRules = (
			);
			dependencies = (
				331C8086294A63A400263BE5 /* PBXTargetDependency */,
			);
			name = RunnerTests;
			productName = RunnerTests;
			productReference = 331C8081294A63A400263BE5 /* RunnerTests.xctest */;
			productType = "com.apple.product-type.bundle.unit-test";
		};
		8AC9BA492CC51ECC007629B5 /* MyWatch Watch App */ = {
			isa = PBXNativeTarget;
			buildConfigurationList = 8AC9BA782CC51ECD007629B5 /* Build configuration list for PBXNativeTarget "MyWatch Watch App" */;
			buildPhases = (
				8AC9BA462CC51ECC007629B5 /* Sources */,
				8AC9BA472CC51ECC007629B5 /* Frameworks */,
				8AC9BA482CC51ECC007629B5 /* Resources */,
			);
			buildRules = (
			);
			dependencies = (
			);
			name = "MyWatch Watch App";
			packageProductDependencies = (
			);
			productName = "MyWatch Watch App";
			productReference = 8AC9BA4A2CC51ECC007629B5 /* MyWatch Watch App.app */;
			productType = "com.apple.product-type.application";
		};
		8AC9BA582CC51ECD007629B5 /* MyWatch Watch AppTests */ = {
			isa = PBXNativeTarget;
			buildConfigurationList = 8AC9BA792CC51ECD007629B5 /* Build configuration list for PBXNativeTarget "MyWatch Watch AppTests" */;
			buildPhases = (
				8AC9BA552CC51ECD007629B5 /* Sources */,
				8AC9BA562CC51ECD007629B5 /* Frameworks */,
				8AC9BA572CC51ECD007629B5 /* Resources */,
			);
			buildRules = (
			);
			dependencies = (
				8AC9BA5B2CC51ECD007629B5 /* PBXTargetDependency */,
			);
			name = "MyWatch Watch AppTests";
			packageProductDependencies = (
			);
			productName = "MyWatch Watch AppTests";
			productReference = 8AC9BA592CC51ECD007629B5 /* MyWatch Watch AppTests.xctest */;
			productType = "com.apple.product-type.bundle.unit-test";
		};
		8AC9BA622CC51ECD007629B5 /* MyWatch Watch AppUITests */ = {
			isa = PBXNativeTarget;
			buildConfigurationList = 8AC9BA7A2CC51ECD007629B5 /* Build configuration list for PBXNativeTarget "MyWatch Watch AppUITests" */;
			buildPhases = (
				8AC9BA5F2CC51ECD007629B5 /* Sources */,
				8AC9BA602CC51ECD007629B5 /* Frameworks */,
				8AC9BA612CC51ECD007629B5 /* Resources */,
			);
			buildRules = (
			);
			dependencies = (
				8AC9BA652CC51ECD007629B5 /* PBXTargetDependency */,
			);
			name = "MyWatch Watch AppUITests";
			packageProductDependencies = (
			);
			productName = "MyWatch Watch AppUITests";
			productReference = 8AC9BA632CC51ECD007629B5 /* MyWatch Watch AppUITests.xctest */;
			productType = "com.apple.product-type.bundle.ui-testing";
		};
		97C146ED1CF9000F007C117D /* Runner */ = {
			isa = PBXNativeTarget;
			buildConfigurationList = 97C147051CF9000F007C117D /* Build configuration list for PBXNativeTarget "Runner" */;
			buildPhases = (
				060C1ACB223F7EF342004689 /* [CP] Check Pods Manifest.lock */,
				9740EEB61CF901F6004384FC /* Run Script */,
				97C146EB1CF9000F007C117D /* Frameworks */,
				8AC9BA6E2CC51ECD007629B5 /* Embed Watch Content */,
				97C146EA1CF9000F007C117D /* Sources */,
				9705A1C41CF9048500538489 /* Embed Frameworks */,
				97C146EC1CF9000F007C117D /* Resources */,
				3B06AD1E1E4923F5004D2608 /* Thin Binary */,
				42E26A998BDB8CDE38257DA6 /* [CP] Embed Pods Frameworks */,
			);
			buildRules = (
			);
			dependencies = (
				8AC9BA6C2CC51ECD007629B5 /* PBXTargetDependency */,
			);
			name = Runner;
			productName = Runner;
			productReference = 97C146EE1CF9000F007C117D /* Runner.app */;
			productType = "com.apple.product-type.application";
		};
/* End PBXNativeTarget section */

/* Begin PBXProject section */
		97C146E61CF9000F007C117D /* Project object */ = {
			isa = PBXProject;
			attributes = {
				BuildIndependentTargetsInParallel = YES;
				LastSwiftUpdateCheck = 1600;
				LastUpgradeCheck = 1510;
				ORGANIZATIONNAME = "";
				TargetAttributes = {
					331C8080294A63A400263BE5 = {
						CreatedOnToolsVersion = 14.0;
						TestTargetID = 97C146ED1CF9000F007C117D;
					};
					8AC9BA492CC51ECC007629B5 = {
						CreatedOnToolsVersion = 16.0;
					};
					8AC9BA582CC51ECD007629B5 = {
						CreatedOnToolsVersion = 16.0;
						TestTargetID = 8AC9BA492CC51ECC007629B5;
					};
					8AC9BA622CC51ECD007629B5 = {
						CreatedOnToolsVersion = 16.0;
						TestTargetID = 8AC9BA492CC51ECC007629B5;
					};
					97C146ED1CF9000F007C117D = {
						CreatedOnToolsVersion = 7.3.1;
						LastSwiftMigration = 1100;
					};
				};
			};
			buildConfigurationList = 97C146E91CF9000F007C117D /* Build configuration list for PBXProject "Runner" */;
			compatibilityVersion = "Xcode 9.3";
			developmentRegion = en;
			hasScannedForEncodings = 0;
			knownRegions = (
				en,
				Base,
			);
			mainGroup = 97C146E51CF9000F007C117D;
			productRefGroup = 97C146EF1CF9000F007C117D /* Products */;
			projectDirPath = "";
			projectRoot = "";
			targets = (
				97C146ED1CF9000F007C117D /* Runner */,
				331C8080294A63A400263BE5 /* RunnerTests */,
				8AC9BA492CC51ECC007629B5 /* MyWatch Watch App */,
				8AC9BA582CC51ECD007629B5 /* MyWatch Watch AppTests */,
				8AC9BA622CC51ECD007629B5 /* MyWatch Watch AppUITests */,
			);
		};
/* End PBXProject section */

/* Begin PBXResourcesBuildPhase section */
		331C807F294A63A400263BE5 /* Resources */ = {
			isa = PBXResourcesBuildPhase;
			buildActionMask = 2147483647;
			files = (
			);
			runOnlyForDeploymentPostprocessing = 0;
		};
		8AC9BA482CC51ECC007629B5 /* Resources */ = {
			isa = PBXResourcesBuildPhase;
			buildActionMask = 2147483647;
			files = (
				8AC9BA832CC51ED5007629B5 /* Preview Assets.xcassets in Resources */,
				8AC9BA842CC51ED5007629B5 /* Assets.xcassets in Resources */,
			);
			runOnlyForDeploymentPostprocessing = 0;
		};
		8AC9BA572CC51ECD007629B5 /* Resources */ = {
			isa = PBXResourcesBuildPhase;
			buildActionMask = 2147483647;
			files = (
			);
			runOnlyForDeploymentPostprocessing = 0;
		};
		8AC9BA612CC51ECD007629B5 /* Resources */ = {
			isa = PBXResourcesBuildPhase;
			buildActionMask = 2147483647;
			files = (
			);
			runOnlyForDeploymentPostprocessing = 0;
		};
		97C146EC1CF9000F007C117D /* Resources */ = {
			isa = PBXResourcesBuildPhase;
			buildActionMask = 2147483647;
			files = (
				97C147011CF9000F007C117D /* LaunchScreen.storyboard in Resources */,
				3B3967161E833CAA004F5970 /* AppFrameworkInfo.plist in Resources */,
				97C146FE1CF9000F007C117D /* Assets.xcassets in Resources */,
				97C146FC1CF9000F007C117D /* Main.storyboard in Resources */,
				EFFFAA30276722A25F883F2E /* GoogleService-Info.plist in Resources */,
			);
			runOnlyForDeploymentPostprocessing = 0;
		};
/* End PBXResourcesBuildPhase section */

/* Begin PBXShellScriptBuildPhase section */
		060C1ACB223F7EF342004689 /* [CP] Check Pods Manifest.lock */ = {
			isa = PBXShellScriptBuildPhase;
			buildActionMask = 2147483647;
			files = (
			);
			inputFileListPaths = (
			);
			inputPaths = (
				"${PODS_PODFILE_DIR_PATH}/Podfile.lock",
				"${PODS_ROOT}/Manifest.lock",
			);
			name = "[CP] Check Pods Manifest.lock";
			outputFileListPaths = (
			);
			outputPaths = (
				"$(DERIVED_FILE_DIR)/Pods-Runner-checkManifestLockResult.txt",
			);
			runOnlyForDeploymentPostprocessing = 0;
			shellPath = /bin/sh;
			shellScript = "diff \"${PODS_PODFILE_DIR_PATH}/Podfile.lock\" \"${PODS_ROOT}/Manifest.lock\" > /dev/null\nif [ $? != 0 ] ; then\n    # print error to STDERR\n    echo \"error: The sandbox is not in sync with the Podfile.lock. Run 'pod install' or update your CocoaPods installation.\" >&2\n    exit 1\nfi\n# This output is used by Xcode 'outputs' to avoid re-running this script phase.\necho \"SUCCESS\" > \"${SCRIPT_OUTPUT_FILE_0}\"\n";
			showEnvVarsInLog = 0;
		};
		3B06AD1E1E4923F5004D2608 /* Thin Binary */ = {
			isa = PBXShellScriptBuildPhase;
			alwaysOutOfDate = 1;
			buildActionMask = 2147483647;
			files = (
			);
			inputPaths = (
				"${TARGET_BUILD_DIR}/${INFOPLIST_PATH}",
			);
			name = "Thin Binary";
			outputPaths = (
			);
			runOnlyForDeploymentPostprocessing = 0;
			shellPath = /bin/sh;
			shellScript = "/bin/sh \"$FLUTTER_ROOT/packages/flutter_tools/bin/xcode_backend.sh\" embed_and_thin\n";
		};
		42E26A998BDB8CDE38257DA6 /* [CP] Embed Pods Frameworks */ = {
			isa = PBXShellScriptBuildPhase;
			buildActionMask = 2147483647;
			files = (
			);
			inputFileListPaths = (
				"${PODS_ROOT}/Target Support Files/Pods-Runner/Pods-Runner-frameworks-${CONFIGURATION}-input-files.xcfilelist",
			);
			name = "[CP] Embed Pods Frameworks";
			outputFileListPaths = (
				"${PODS_ROOT}/Target Support Files/Pods-Runner/Pods-Runner-frameworks-${CONFIGURATION}-output-files.xcfilelist",
			);
			runOnlyForDeploymentPostprocessing = 0;
			shellPath = /bin/sh;
			shellScript = "\"${PODS_ROOT}/Target Support Files/Pods-Runner/Pods-Runner-frameworks.sh\"\n";
			showEnvVarsInLog = 0;
		};
		9740EEB61CF901F6004384FC /* Run Script */ = {
			isa = PBXShellScriptBuildPhase;
			alwaysOutOfDate = 1;
			buildActionMask = 2147483647;
			files = (
			);
			inputPaths = (
			);
			name = "Run Script";
			outputPaths = (
			);
			runOnlyForDeploymentPostprocessing = 0;
			shellPath = /bin/sh;
			shellScript = "/bin/sh \"$FLUTTER_ROOT/packages/flutter_tools/bin/xcode_backend.sh\" build";
		};
		C1D6864C25F00B3C67CAF16C /* [CP] Check Pods Manifest.lock */ = {
			isa = PBXShellScriptBuildPhase;
			buildActionMask = 2147483647;
			files = (
			);
			inputFileListPaths = (
			);
			inputPaths = (
				"${PODS_PODFILE_DIR_PATH}/Podfile.lock",
				"${PODS_ROOT}/Manifest.lock",
			);
			name = "[CP] Check Pods Manifest.lock";
			outputFileListPaths = (
			);
			outputPaths = (
				"$(DERIVED_FILE_DIR)/Pods-RunnerTests-checkManifestLockResult.txt",
			);
			runOnlyForDeploymentPostprocessing = 0;
			shellPath = /bin/sh;
			shellScript = "diff \"${PODS_PODFILE_DIR_PATH}/Podfile.lock\" \"${PODS_ROOT}/Manifest.lock\" > /dev/null\nif [ $? != 0 ] ; then\n    # print error to STDERR\n    echo \"error: The sandbox is not in sync with the Podfile.lock. Run 'pod install' or update your CocoaPods installation.\" >&2\n    exit 1\nfi\n# This output is used by Xcode 'outputs' to avoid re-running this script phase.\necho \"SUCCESS\" > \"${SCRIPT_OUTPUT_FILE_0}\"\n";
			showEnvVarsInLog = 0;
		};
/* End PBXShellScriptBuildPhase section */

/* Begin PBXSourcesBuildPhase section */
		331C807D294A63A400263BE5 /* Sources */ = {
			isa = PBXSourcesBuildPhase;
			buildActionMask = 2147483647;
			files = (
				331C808B294A63AB00263BE5 /* RunnerTests.swift in Sources */,
			);
			runOnlyForDeploymentPostprocessing = 0;
		};
		8AC9BA462CC51ECC007629B5 /* Sources */ = {
			isa = PBXSourcesBuildPhase;
			buildActionMask = 2147483647;
			files = (
				8A09EF902CC5721300975634 /* TodoView.swift in Sources */,
				8ADC52EA2CC6B78B0001A4DF /* RecordListView.swift in Sources */,
				8ADC52EC2CC778E20001A4DF /* Book.swift in Sources */,
				8AC9BA812CC51ED5007629B5 /* ContentView.swift in Sources */,
				8A072E192CD776AC00B90993 /* BookDetailView.swift in Sources */,
				8AC9BA822CC51ED5007629B5 /* MyWatchApp.swift in Sources */,
				8A1BD05C2CC8056F0080AAEE /* TodoWatchSessionDelegate.swift in Sources */,
				8ADC52E82CC6B7780001A4DF /* BookListView.swift in Sources */,
				8ADC52F22CC782A30001A4DF /* Record.swift in Sources */,
				8ADC52EE2CC779FF0001A4DF /* WCSessionManager.swift in Sources */,
				8A920A102CD88E41009E5845 /* HomeTabView.swift in Sources */,
				8A1BD05E2CC805970080AAEE /* Todo.swift in Sources */,
			);
			runOnlyForDeploymentPostprocessing = 0;
		};
		8AC9BA552CC51ECD007629B5 /* Sources */ = {
			isa = PBXSourcesBuildPhase;
			buildActionMask = 2147483647;
			files = (
				8AC9BA872CC51ED8007629B5 /* MyWatch_Watch_AppTests.swift in Sources */,
			);
			runOnlyForDeploymentPostprocessing = 0;
		};
		8AC9BA5F2CC51ECD007629B5 /* Sources */ = {
			isa = PBXSourcesBuildPhase;
			buildActionMask = 2147483647;
			files = (
				8AC9BA8B2CC51EDA007629B5 /* MyWatch_Watch_AppUITests.swift in Sources */,
				8AC9BA8C2CC51EDA007629B5 /* MyWatch_Watch_AppUITestsLaunchTests.swift in Sources */,
			);
			runOnlyForDeploymentPostprocessing = 0;
		};
		97C146EA1CF9000F007C117D /* Sources */ = {
			isa = PBXSourcesBuildPhase;
			buildActionMask = 2147483647;
			files = (
				8AC1D4162CC500760016AFC6 /* Text.g.swift in Sources */,
				8AC1D40F2CC4FA790016AFC6 /* BatteryHostApiImpl.swift in Sources */,
				8AC1D41E2CC5020B0016AFC6 /* NativeViewFactory.swift in Sources */,
				8A09EF8C2CC56A6800975634 /* Todo.g.swift in Sources */,
				74858FAF1ED2DC5600515810 /* AppDelegate.swift in Sources */,
				8AC1D41C2CC501DF0016AFC6 /* PigeonMultiInstanceBinaryMessengerWrapper.swift in Sources */,
				1498D2341E8E89220040F4C2 /* GeneratedPluginRegistrant.m in Sources */,
				8ADC52F02CC7806D0001A4DF /* WCSessionManager.swift in Sources */,
				8ADC52E42CC6A3CC0001A4DF /* BookAppDelegate.swift in Sources */,
				8AC1D40D2CC4FA490016AFC6 /* Battery.g.swift in Sources */,
				8AB596452D04208F008D7C36 /* Preference.g.swift in Sources */,
				8AA38B902CC8D4AB005C18A4 /* BatteryAppDelegate.swift in Sources */,
				8AC1D4182CC500980016AFC6 /* TextApi.swift in Sources */,
				8AC1D4212CC508350016AFC6 /* FlutterCommunication.g.swift in Sources */,
				8ADC52E62CC6A4BD0001A4DF /* Book.g.swift in Sources */,
				8A09EF8E2CC56B6800975634 /* TodoAppDelegate.swift in Sources */,
				8AC1D41A2CC501C40016AFC6 /* NativeView.swift in Sources */,
			);
			runOnlyForDeploymentPostprocessing = 0;
		};
/* End PBXSourcesBuildPhase section */

/* Begin PBXTargetDependency section */
		331C8086294A63A400263BE5 /* PBXTargetDependency */ = {
			isa = PBXTargetDependency;
			target = 97C146ED1CF9000F007C117D /* Runner */;
			targetProxy = 331C8085294A63A400263BE5 /* PBXContainerItemProxy */;
		};
		8AC9BA5B2CC51ECD007629B5 /* PBXTargetDependency */ = {
			isa = PBXTargetDependency;
			target = 8AC9BA492CC51ECC007629B5 /* MyWatch Watch App */;
			targetProxy = 8AC9BA5A2CC51ECD007629B5 /* PBXContainerItemProxy */;
		};
		8AC9BA652CC51ECD007629B5 /* PBXTargetDependency */ = {
			isa = PBXTargetDependency;
			target = 8AC9BA492CC51ECC007629B5 /* MyWatch Watch App */;
			targetProxy = 8AC9BA642CC51ECD007629B5 /* PBXContainerItemProxy */;
		};
		8AC9BA6C2CC51ECD007629B5 /* PBXTargetDependency */ = {
			isa = PBXTargetDependency;
			target = 8AC9BA492CC51ECC007629B5 /* MyWatch Watch App */;
			targetProxy = 8AC9BA6B2CC51ECD007629B5 /* PBXContainerItemProxy */;
		};
/* End PBXTargetDependency section */

/* Begin PBXVariantGroup section */
		97C146FA1CF9000F007C117D /* Main.storyboard */ = {
			isa = PBXVariantGroup;
			children = (
				97C146FB1CF9000F007C117D /* Base */,
			);
			name = Main.storyboard;
			sourceTree = "<group>";
		};
		97C146FF1CF9000F007C117D /* LaunchScreen.storyboard */ = {
			isa = PBXVariantGroup;
			children = (
				97C147001CF9000F007C117D /* Base */,
			);
			name = LaunchScreen.storyboard;
			sourceTree = "<group>";
		};
/* End PBXVariantGroup section */

/* Begin XCBuildConfiguration section */
		249021D3217E4FDB00AE95B9 /* Profile */ = {
			isa = XCBuildConfiguration;
			buildSettings = {
				ALWAYS_SEARCH_USER_PATHS = NO;
				ASSETCATALOG_COMPILER_GENERATE_SWIFT_ASSET_SYMBOL_EXTENSIONS = YES;
				CLANG_ANALYZER_NONNULL = YES;
				CLANG_CXX_LANGUAGE_STANDARD = "gnu++0x";
				CLANG_CXX_LIBRARY = "libc++";
				CLANG_ENABLE_MODULES = YES;
				CLANG_ENABLE_OBJC_ARC = YES;
				CLANG_WARN_BLOCK_CAPTURE_AUTORELEASING = YES;
				CLANG_WARN_BOOL_CONVERSION = YES;
				CLANG_WARN_COMMA = YES;
				CLANG_WARN_CONSTANT_CONVERSION = YES;
				CLANG_WARN_DEPRECATED_OBJC_IMPLEMENTATIONS = YES;
				CLANG_WARN_DIRECT_OBJC_ISA_USAGE = YES_ERROR;
				CLANG_WARN_EMPTY_BODY = YES;
				CLANG_WARN_ENUM_CONVERSION = YES;
				CLANG_WARN_INFINITE_RECURSION = YES;
				CLANG_WARN_INT_CONVERSION = YES;
				CLANG_WARN_NON_LITERAL_NULL_CONVERSION = YES;
				CLANG_WARN_OBJC_IMPLICIT_RETAIN_SELF = YES;
				CLANG_WARN_OBJC_LITERAL_CONVERSION = YES;
				CLANG_WARN_OBJC_ROOT_CLASS = YES_ERROR;
				CLANG_WARN_RANGE_LOOP_ANALYSIS = YES;
				CLANG_WARN_STRICT_PROTOTYPES = YES;
				CLANG_WARN_SUSPICIOUS_MOVE = YES;
				CLANG_WARN_UNREACHABLE_CODE = YES;
				CLANG_WARN__DUPLICATE_METHOD_MATCH = YES;
				"CODE_SIGN_IDENTITY[sdk=iphoneos*]" = "iPhone Developer";
				COPY_PHASE_STRIP = NO;
				DEBUG_INFORMATION_FORMAT = "dwarf-with-dsym";
				ENABLE_NS_ASSERTIONS = NO;
				ENABLE_STRICT_OBJC_MSGSEND = YES;
				ENABLE_USER_SCRIPT_SANDBOXING = NO;
				GCC_C_LANGUAGE_STANDARD = gnu99;
				GCC_NO_COMMON_BLOCKS = YES;
				GCC_WARN_64_TO_32_BIT_CONVERSION = YES;
				GCC_WARN_ABOUT_RETURN_TYPE = YES_ERROR;
				GCC_WARN_UNDECLARED_SELECTOR = YES;
				GCC_WARN_UNINITIALIZED_AUTOS = YES_AGGRESSIVE;
				GCC_WARN_UNUSED_FUNCTION = YES;
				GCC_WARN_UNUSED_VARIABLE = YES;
				IPHONEOS_DEPLOYMENT_TARGET = 12.0;
				MTL_ENABLE_DEBUG_INFO = NO;
				SDKROOT = iphoneos;
				SUPPORTED_PLATFORMS = iphoneos;
				TARGETED_DEVICE_FAMILY = "1,2";
				VALIDATE_PRODUCT = YES;
			};
			name = Profile;
		};
		249021D4217E4FDB00AE95B9 /* Profile */ = {
			isa = XCBuildConfiguration;
			baseConfigurationReference = 7AFA3C8E1D35360C0083082E /* Release.xcconfig */;
			buildSettings = {
				ASSETCATALOG_COMPILER_APPICON_NAME = AppIcon;
				CLANG_ENABLE_MODULES = YES;
				CURRENT_PROJECT_VERSION = "$(FLUTTER_BUILD_NUMBER)";
				DEVELOPMENT_TEAM = 4246JCVBMJ;
				ENABLE_BITCODE = NO;
				INFOPLIST_FILE = Runner/Info.plist;
				IPHONEOS_DEPLOYMENT_TARGET = 15.6;
				LD_RUNPATH_SEARCH_PATHS = (
					"$(inherited)",
					"@executable_path/Frameworks",
				);
				PRODUCT_BUNDLE_IDENTIFIER = com.example.pigeonSample;
				PRODUCT_NAME = "$(TARGET_NAME)";
				SWIFT_OBJC_BRIDGING_HEADER = "Runner/Runner-Bridging-Header.h";
				SWIFT_VERSION = 5.0;
				VERSIONING_SYSTEM = "apple-generic";
			};
			name = Profile;
		};
		331C8088294A63A400263BE5 /* Debug */ = {
			isa = XCBuildConfiguration;
			baseConfigurationReference = DCC7AFEA1934C65DEC890695 /* Pods-RunnerTests.debug.xcconfig */;
			buildSettings = {
				BUNDLE_LOADER = "$(TEST_HOST)";
				CODE_SIGN_STYLE = Automatic;
				CURRENT_PROJECT_VERSION = 1;
				GENERATE_INFOPLIST_FILE = YES;
				MARKETING_VERSION = 1.0;
				PRODUCT_BUNDLE_IDENTIFIER = com.example.pigeonSample.RunnerTests;
				PRODUCT_NAME = "$(TARGET_NAME)";
				SWIFT_ACTIVE_COMPILATION_CONDITIONS = DEBUG;
				SWIFT_OPTIMIZATION_LEVEL = "-Onone";
				SWIFT_VERSION = 5.0;
				TEST_HOST = "$(BUILT_PRODUCTS_DIR)/Runner.app/$(BUNDLE_EXECUTABLE_FOLDER_PATH)/Runner";
			};
			name = Debug;
		};
		331C8089294A63A400263BE5 /* Release */ = {
			isa = XCBuildConfiguration;
			baseConfigurationReference = 5303FD8C28E530E3AE35B9E0 /* Pods-RunnerTests.release.xcconfig */;
			buildSettings = {
				BUNDLE_LOADER = "$(TEST_HOST)";
				CODE_SIGN_STYLE = Automatic;
				CURRENT_PROJECT_VERSION = 1;
				GENERATE_INFOPLIST_FILE = YES;
				MARKETING_VERSION = 1.0;
				PRODUCT_BUNDLE_IDENTIFIER = com.example.pigeonSample.RunnerTests;
				PRODUCT_NAME = "$(TARGET_NAME)";
				SWIFT_VERSION = 5.0;
				TEST_HOST = "$(BUILT_PRODUCTS_DIR)/Runner.app/$(BUNDLE_EXECUTABLE_FOLDER_PATH)/Runner";
			};
			name = Release;
		};
		331C808A294A63A400263BE5 /* Profile */ = {
			isa = XCBuildConfiguration;
			baseConfigurationReference = 986A13FB96C8434CDFAB5A45 /* Pods-RunnerTests.profile.xcconfig */;
			buildSettings = {
				BUNDLE_LOADER = "$(TEST_HOST)";
				CODE_SIGN_STYLE = Automatic;
				CURRENT_PROJECT_VERSION = 1;
				GENERATE_INFOPLIST_FILE = YES;
				MARKETING_VERSION = 1.0;
				PRODUCT_BUNDLE_IDENTIFIER = com.example.pigeonSample.RunnerTests;
				PRODUCT_NAME = "$(TARGET_NAME)";
				SWIFT_VERSION = 5.0;
				TEST_HOST = "$(BUILT_PRODUCTS_DIR)/Runner.app/$(BUNDLE_EXECUTABLE_FOLDER_PATH)/Runner";
			};
			name = Profile;
		};
		8AC9BA6F2CC51ECD007629B5 /* Debug */ = {
			isa = XCBuildConfiguration;
			buildSettings = {
				ASSETCATALOG_COMPILER_APPICON_NAME = AppIcon;
				ASSETCATALOG_COMPILER_GLOBAL_ACCENT_COLOR_NAME = AccentColor;
				CLANG_ANALYZER_NUMBER_OBJECT_CONVERSION = YES_AGGRESSIVE;
				CLANG_CXX_LANGUAGE_STANDARD = "gnu++20";
				CLANG_ENABLE_OBJC_WEAK = YES;
				CLANG_WARN_DOCUMENTATION_COMMENTS = YES;
				CLANG_WARN_QUOTED_INCLUDE_IN_FRAMEWORK_HEADER = YES;
				CLANG_WARN_UNGUARDED_AVAILABILITY = YES_AGGRESSIVE;
				CODE_SIGN_STYLE = Automatic;
				CURRENT_PROJECT_VERSION = 1;
				DEVELOPMENT_ASSET_PATHS = "\"MyWatch Watch App/Preview Content\"";
				DEVELOPMENT_TEAM = 4246JCVBMJ;
				ENABLE_PREVIEWS = YES;
				ENABLE_USER_SCRIPT_SANDBOXING = YES;
				GCC_C_LANGUAGE_STANDARD = gnu17;
				GENERATE_INFOPLIST_FILE = YES;
				INFOPLIST_KEY_CFBundleDisplayName = MyWatch;
				INFOPLIST_KEY_UISupportedInterfaceOrientations = "UIInterfaceOrientationPortrait UIInterfaceOrientationPortraitUpsideDown";
				INFOPLIST_KEY_WKCompanionAppBundleIdentifier = com.example.pigeonSample;
				LD_RUNPATH_SEARCH_PATHS = (
					"$(inherited)",
					"@executable_path/Frameworks",
				);
				LOCALIZATION_PREFERS_STRING_CATALOGS = YES;
				MARKETING_VERSION = 1.0;
				MTL_ENABLE_DEBUG_INFO = INCLUDE_SOURCE;
				MTL_FAST_MATH = YES;
				PRODUCT_BUNDLE_IDENTIFIER = com.example.pigeonSample.watchkitapp;
				PRODUCT_NAME = "$(TARGET_NAME)";
				SDKROOT = watchos;
				SKIP_INSTALL = YES;
				SWIFT_ACTIVE_COMPILATION_CONDITIONS = "DEBUG $(inherited)";
				SWIFT_EMIT_LOC_STRINGS = YES;
				SWIFT_OPTIMIZATION_LEVEL = "-Onone";
				SWIFT_VERSION = 5.0;
				TARGETED_DEVICE_FAMILY = 4;
				WATCHOS_DEPLOYMENT_TARGET = 11.0;
			};
			name = Debug;
		};
		8AC9BA702CC51ECD007629B5 /* Release */ = {
			isa = XCBuildConfiguration;
			buildSettings = {
				ASSETCATALOG_COMPILER_APPICON_NAME = AppIcon;
				ASSETCATALOG_COMPILER_GLOBAL_ACCENT_COLOR_NAME = AccentColor;
				CLANG_ANALYZER_NUMBER_OBJECT_CONVERSION = YES_AGGRESSIVE;
				CLANG_CXX_LANGUAGE_STANDARD = "gnu++20";
				CLANG_ENABLE_OBJC_WEAK = YES;
				CLANG_WARN_DOCUMENTATION_COMMENTS = YES;
				CLANG_WARN_QUOTED_INCLUDE_IN_FRAMEWORK_HEADER = YES;
				CLANG_WARN_UNGUARDED_AVAILABILITY = YES_AGGRESSIVE;
				CODE_SIGN_STYLE = Automatic;
				CURRENT_PROJECT_VERSION = 1;
				DEVELOPMENT_ASSET_PATHS = "\"MyWatch Watch App/Preview Content\"";
				DEVELOPMENT_TEAM = 4246JCVBMJ;
				ENABLE_PREVIEWS = YES;
				ENABLE_USER_SCRIPT_SANDBOXING = YES;
				GCC_C_LANGUAGE_STANDARD = gnu17;
				GENERATE_INFOPLIST_FILE = YES;
				INFOPLIST_KEY_CFBundleDisplayName = MyWatch;
				INFOPLIST_KEY_UISupportedInterfaceOrientations = "UIInterfaceOrientationPortrait UIInterfaceOrientationPortraitUpsideDown";
				INFOPLIST_KEY_WKCompanionAppBundleIdentifier = com.example.pigeonSample;
				LD_RUNPATH_SEARCH_PATHS = (
					"$(inherited)",
					"@executable_path/Frameworks",
				);
				LOCALIZATION_PREFERS_STRING_CATALOGS = YES;
				MARKETING_VERSION = 1.0;
				MTL_FAST_MATH = YES;
				PRODUCT_BUNDLE_IDENTIFIER = com.example.pigeonSample.watchkitapp;
				PRODUCT_NAME = "$(TARGET_NAME)";
				SDKROOT = watchos;
				SKIP_INSTALL = YES;
				SWIFT_EMIT_LOC_STRINGS = YES;
				SWIFT_VERSION = 5.0;
				TARGETED_DEVICE_FAMILY = 4;
				WATCHOS_DEPLOYMENT_TARGET = 11.0;
			};
			name = Release;
		};
		8AC9BA712CC51ECD007629B5 /* Profile */ = {
			isa = XCBuildConfiguration;
			buildSettings = {
				ASSETCATALOG_COMPILER_APPICON_NAME = AppIcon;
				ASSETCATALOG_COMPILER_GLOBAL_ACCENT_COLOR_NAME = AccentColor;
				CLANG_ANALYZER_NUMBER_OBJECT_CONVERSION = YES_AGGRESSIVE;
				CLANG_CXX_LANGUAGE_STANDARD = "gnu++20";
				CLANG_ENABLE_OBJC_WEAK = YES;
				CLANG_WARN_DOCUMENTATION_COMMENTS = YES;
				CLANG_WARN_QUOTED_INCLUDE_IN_FRAMEWORK_HEADER = YES;
				CLANG_WARN_UNGUARDED_AVAILABILITY = YES_AGGRESSIVE;
				CODE_SIGN_STYLE = Automatic;
				CURRENT_PROJECT_VERSION = 1;
				DEVELOPMENT_ASSET_PATHS = "\"MyWatch Watch App/Preview Content\"";
				DEVELOPMENT_TEAM = 4246JCVBMJ;
				ENABLE_PREVIEWS = YES;
				ENABLE_USER_SCRIPT_SANDBOXING = YES;
				GCC_C_LANGUAGE_STANDARD = gnu17;
				GENERATE_INFOPLIST_FILE = YES;
				INFOPLIST_KEY_CFBundleDisplayName = MyWatch;
				INFOPLIST_KEY_UISupportedInterfaceOrientations = "UIInterfaceOrientationPortrait UIInterfaceOrientationPortraitUpsideDown";
				INFOPLIST_KEY_WKCompanionAppBundleIdentifier = com.example.pigeonSample;
				LD_RUNPATH_SEARCH_PATHS = (
					"$(inherited)",
					"@executable_path/Frameworks",
				);
				LOCALIZATION_PREFERS_STRING_CATALOGS = YES;
				MARKETING_VERSION = 1.0;
				MTL_FAST_MATH = YES;
				PRODUCT_BUNDLE_IDENTIFIER = com.example.pigeonSample.watchkitapp;
				PRODUCT_NAME = "$(TARGET_NAME)";
				SDKROOT = watchos;
				SKIP_INSTALL = YES;
				SWIFT_EMIT_LOC_STRINGS = YES;
				SWIFT_VERSION = 5.0;
				TARGETED_DEVICE_FAMILY = 4;
				WATCHOS_DEPLOYMENT_TARGET = 11.0;
			};
			name = Profile;
		};
		8AC9BA722CC51ECD007629B5 /* Debug */ = {
			isa = XCBuildConfiguration;
			buildSettings = {
				BUNDLE_LOADER = "$(TEST_HOST)";
				CLANG_ANALYZER_NUMBER_OBJECT_CONVERSION = YES_AGGRESSIVE;
				CLANG_CXX_LANGUAGE_STANDARD = "gnu++20";
				CLANG_ENABLE_OBJC_WEAK = YES;
				CLANG_WARN_DOCUMENTATION_COMMENTS = YES;
				CLANG_WARN_QUOTED_INCLUDE_IN_FRAMEWORK_HEADER = YES;
				CLANG_WARN_UNGUARDED_AVAILABILITY = YES_AGGRESSIVE;
				CODE_SIGN_STYLE = Automatic;
				CURRENT_PROJECT_VERSION = 1;
				DEVELOPMENT_TEAM = 4246JCVBMJ;
				ENABLE_USER_SCRIPT_SANDBOXING = YES;
				GCC_C_LANGUAGE_STANDARD = gnu17;
				GENERATE_INFOPLIST_FILE = YES;
				LOCALIZATION_PREFERS_STRING_CATALOGS = YES;
				MARKETING_VERSION = 1.0;
				MTL_ENABLE_DEBUG_INFO = INCLUDE_SOURCE;
				MTL_FAST_MATH = YES;
				PRODUCT_BUNDLE_IDENTIFIER = "com.koichi.MyWatch-Watch-AppTests";
				PRODUCT_NAME = "$(TARGET_NAME)";
				SDKROOT = watchos;
				SWIFT_ACTIVE_COMPILATION_CONDITIONS = "DEBUG $(inherited)";
				SWIFT_EMIT_LOC_STRINGS = NO;
				SWIFT_OPTIMIZATION_LEVEL = "-Onone";
				SWIFT_VERSION = 5.0;
				TARGETED_DEVICE_FAMILY = 4;
				TEST_HOST = "$(BUILT_PRODUCTS_DIR)/MyWatch Watch App.app/$(BUNDLE_EXECUTABLE_FOLDER_PATH)/MyWatch Watch App";
				WATCHOS_DEPLOYMENT_TARGET = 11.0;
			};
			name = Debug;
		};
		8AC9BA732CC51ECD007629B5 /* Release */ = {
			isa = XCBuildConfiguration;
			buildSettings = {
				BUNDLE_LOADER = "$(TEST_HOST)";
				CLANG_ANALYZER_NUMBER_OBJECT_CONVERSION = YES_AGGRESSIVE;
				CLANG_CXX_LANGUAGE_STANDARD = "gnu++20";
				CLANG_ENABLE_OBJC_WEAK = YES;
				CLANG_WARN_DOCUMENTATION_COMMENTS = YES;
				CLANG_WARN_QUOTED_INCLUDE_IN_FRAMEWORK_HEADER = YES;
				CLANG_WARN_UNGUARDED_AVAILABILITY = YES_AGGRESSIVE;
				CODE_SIGN_STYLE = Automatic;
				CURRENT_PROJECT_VERSION = 1;
				DEVELOPMENT_TEAM = 4246JCVBMJ;
				ENABLE_USER_SCRIPT_SANDBOXING = YES;
				GCC_C_LANGUAGE_STANDARD = gnu17;
				GENERATE_INFOPLIST_FILE = YES;
				LOCALIZATION_PREFERS_STRING_CATALOGS = YES;
				MARKETING_VERSION = 1.0;
				MTL_FAST_MATH = YES;
				PRODUCT_BUNDLE_IDENTIFIER = "com.koichi.MyWatch-Watch-AppTests";
				PRODUCT_NAME = "$(TARGET_NAME)";
				SDKROOT = watchos;
				SWIFT_EMIT_LOC_STRINGS = NO;
				SWIFT_VERSION = 5.0;
				TARGETED_DEVICE_FAMILY = 4;
				TEST_HOST = "$(BUILT_PRODUCTS_DIR)/MyWatch Watch App.app/$(BUNDLE_EXECUTABLE_FOLDER_PATH)/MyWatch Watch App";
				WATCHOS_DEPLOYMENT_TARGET = 11.0;
			};
			name = Release;
		};
		8AC9BA742CC51ECD007629B5 /* Profile */ = {
			isa = XCBuildConfiguration;
			buildSettings = {
				BUNDLE_LOADER = "$(TEST_HOST)";
				CLANG_ANALYZER_NUMBER_OBJECT_CONVERSION = YES_AGGRESSIVE;
				CLANG_CXX_LANGUAGE_STANDARD = "gnu++20";
				CLANG_ENABLE_OBJC_WEAK = YES;
				CLANG_WARN_DOCUMENTATION_COMMENTS = YES;
				CLANG_WARN_QUOTED_INCLUDE_IN_FRAMEWORK_HEADER = YES;
				CLANG_WARN_UNGUARDED_AVAILABILITY = YES_AGGRESSIVE;
				CODE_SIGN_STYLE = Automatic;
				CURRENT_PROJECT_VERSION = 1;
				DEVELOPMENT_TEAM = 4246JCVBMJ;
				ENABLE_USER_SCRIPT_SANDBOXING = YES;
				GCC_C_LANGUAGE_STANDARD = gnu17;
				GENERATE_INFOPLIST_FILE = YES;
				LOCALIZATION_PREFERS_STRING_CATALOGS = YES;
				MARKETING_VERSION = 1.0;
				MTL_FAST_MATH = YES;
				PRODUCT_BUNDLE_IDENTIFIER = "com.koichi.MyWatch-Watch-AppTests";
				PRODUCT_NAME = "$(TARGET_NAME)";
				SDKROOT = watchos;
				SWIFT_EMIT_LOC_STRINGS = NO;
				SWIFT_VERSION = 5.0;
				TARGETED_DEVICE_FAMILY = 4;
				TEST_HOST = "$(BUILT_PRODUCTS_DIR)/MyWatch Watch App.app/$(BUNDLE_EXECUTABLE_FOLDER_PATH)/MyWatch Watch App";
				WATCHOS_DEPLOYMENT_TARGET = 11.0;
			};
			name = Profile;
		};
		8AC9BA752CC51ECD007629B5 /* Debug */ = {
			isa = XCBuildConfiguration;
			buildSettings = {
				CLANG_ANALYZER_NUMBER_OBJECT_CONVERSION = YES_AGGRESSIVE;
				CLANG_CXX_LANGUAGE_STANDARD = "gnu++20";
				CLANG_ENABLE_OBJC_WEAK = YES;
				CLANG_WARN_DOCUMENTATION_COMMENTS = YES;
				CLANG_WARN_QUOTED_INCLUDE_IN_FRAMEWORK_HEADER = YES;
				CLANG_WARN_UNGUARDED_AVAILABILITY = YES_AGGRESSIVE;
				CODE_SIGN_STYLE = Automatic;
				CURRENT_PROJECT_VERSION = 1;
				DEVELOPMENT_TEAM = 4246JCVBMJ;
				ENABLE_USER_SCRIPT_SANDBOXING = YES;
				GCC_C_LANGUAGE_STANDARD = gnu17;
				GENERATE_INFOPLIST_FILE = YES;
				LOCALIZATION_PREFERS_STRING_CATALOGS = YES;
				MARKETING_VERSION = 1.0;
				MTL_ENABLE_DEBUG_INFO = INCLUDE_SOURCE;
				MTL_FAST_MATH = YES;
				PRODUCT_BUNDLE_IDENTIFIER = "com.koichi.MyWatch-Watch-AppUITests";
				PRODUCT_NAME = "$(TARGET_NAME)";
				SDKROOT = watchos;
				SWIFT_ACTIVE_COMPILATION_CONDITIONS = "DEBUG $(inherited)";
				SWIFT_EMIT_LOC_STRINGS = NO;
				SWIFT_OPTIMIZATION_LEVEL = "-Onone";
				SWIFT_VERSION = 5.0;
				TARGETED_DEVICE_FAMILY = 4;
				TEST_TARGET_NAME = "MyWatch Watch App";
				WATCHOS_DEPLOYMENT_TARGET = 11.0;
			};
			name = Debug;
		};
		8AC9BA762CC51ECD007629B5 /* Release */ = {
			isa = XCBuildConfiguration;
			buildSettings = {
				CLANG_ANALYZER_NUMBER_OBJECT_CONVERSION = YES_AGGRESSIVE;
				CLANG_CXX_LANGUAGE_STANDARD = "gnu++20";
				CLANG_ENABLE_OBJC_WEAK = YES;
				CLANG_WARN_DOCUMENTATION_COMMENTS = YES;
				CLANG_WARN_QUOTED_INCLUDE_IN_FRAMEWORK_HEADER = YES;
				CLANG_WARN_UNGUARDED_AVAILABILITY = YES_AGGRESSIVE;
				CODE_SIGN_STYLE = Automatic;
				CURRENT_PROJECT_VERSION = 1;
				DEVELOPMENT_TEAM = 4246JCVBMJ;
				ENABLE_USER_SCRIPT_SANDBOXING = YES;
				GCC_C_LANGUAGE_STANDARD = gnu17;
				GENERATE_INFOPLIST_FILE = YES;
				LOCALIZATION_PREFERS_STRING_CATALOGS = YES;
				MARKETING_VERSION = 1.0;
				MTL_FAST_MATH = YES;
				PRODUCT_BUNDLE_IDENTIFIER = "com.koichi.MyWatch-Watch-AppUITests";
				PRODUCT_NAME = "$(TARGET_NAME)";
				SDKROOT = watchos;
				SWIFT_EMIT_LOC_STRINGS = NO;
				SWIFT_VERSION = 5.0;
				TARGETED_DEVICE_FAMILY = 4;
				TEST_TARGET_NAME = "MyWatch Watch App";
				WATCHOS_DEPLOYMENT_TARGET = 11.0;
			};
			name = Release;
		};
		8AC9BA772CC51ECD007629B5 /* Profile */ = {
			isa = XCBuildConfiguration;
			buildSettings = {
				CLANG_ANALYZER_NUMBER_OBJECT_CONVERSION = YES_AGGRESSIVE;
				CLANG_CXX_LANGUAGE_STANDARD = "gnu++20";
				CLANG_ENABLE_OBJC_WEAK = YES;
				CLANG_WARN_DOCUMENTATION_COMMENTS = YES;
				CLANG_WARN_QUOTED_INCLUDE_IN_FRAMEWORK_HEADER = YES;
				CLANG_WARN_UNGUARDED_AVAILABILITY = YES_AGGRESSIVE;
				CODE_SIGN_STYLE = Automatic;
				CURRENT_PROJECT_VERSION = 1;
				DEVELOPMENT_TEAM = 4246JCVBMJ;
				ENABLE_USER_SCRIPT_SANDBOXING = YES;
				GCC_C_LANGUAGE_STANDARD = gnu17;
				GENERATE_INFOPLIST_FILE = YES;
				LOCALIZATION_PREFERS_STRING_CATALOGS = YES;
				MARKETING_VERSION = 1.0;
				MTL_FAST_MATH = YES;
				PRODUCT_BUNDLE_IDENTIFIER = "com.koichi.MyWatch-Watch-AppUITests";
				PRODUCT_NAME = "$(TARGET_NAME)";
				SDKROOT = watchos;
				SWIFT_EMIT_LOC_STRINGS = NO;
				SWIFT_VERSION = 5.0;
				TARGETED_DEVICE_FAMILY = 4;
				TEST_TARGET_NAME = "MyWatch Watch App";
				WATCHOS_DEPLOYMENT_TARGET = 11.0;
			};
			name = Profile;
		};
		97C147031CF9000F007C117D /* Debug */ = {
			isa = XCBuildConfiguration;
			buildSettings = {
				ALWAYS_SEARCH_USER_PATHS = NO;
				ASSETCATALOG_COMPILER_GENERATE_SWIFT_ASSET_SYMBOL_EXTENSIONS = YES;
				CLANG_ANALYZER_NONNULL = YES;
				CLANG_CXX_LANGUAGE_STANDARD = "gnu++0x";
				CLANG_CXX_LIBRARY = "libc++";
				CLANG_ENABLE_MODULES = YES;
				CLANG_ENABLE_OBJC_ARC = YES;
				CLANG_WARN_BLOCK_CAPTURE_AUTORELEASING = YES;
				CLANG_WARN_BOOL_CONVERSION = YES;
				CLANG_WARN_COMMA = YES;
				CLANG_WARN_CONSTANT_CONVERSION = YES;
				CLANG_WARN_DEPRECATED_OBJC_IMPLEMENTATIONS = YES;
				CLANG_WARN_DIRECT_OBJC_ISA_USAGE = YES_ERROR;
				CLANG_WARN_EMPTY_BODY = YES;
				CLANG_WARN_ENUM_CONVERSION = YES;
				CLANG_WARN_INFINITE_RECURSION = YES;
				CLANG_WARN_INT_CONVERSION = YES;
				CLANG_WARN_NON_LITERAL_NULL_CONVERSION = YES;
				CLANG_WARN_OBJC_IMPLICIT_RETAIN_SELF = YES;
				CLANG_WARN_OBJC_LITERAL_CONVERSION = YES;
				CLANG_WARN_OBJC_ROOT_CLASS = YES_ERROR;
				CLANG_WARN_RANGE_LOOP_ANALYSIS = YES;
				CLANG_WARN_STRICT_PROTOTYPES = YES;
				CLANG_WARN_SUSPICIOUS_MOVE = YES;
				CLANG_WARN_UNREACHABLE_CODE = YES;
				CLANG_WARN__DUPLICATE_METHOD_MATCH = YES;
				"CODE_SIGN_IDENTITY[sdk=iphoneos*]" = "iPhone Developer";
				COPY_PHASE_STRIP = NO;
				DEBUG_INFORMATION_FORMAT = dwarf;
				ENABLE_STRICT_OBJC_MSGSEND = YES;
				ENABLE_TESTABILITY = YES;
				ENABLE_USER_SCRIPT_SANDBOXING = NO;
				GCC_C_LANGUAGE_STANDARD = gnu99;
				GCC_DYNAMIC_NO_PIC = NO;
				GCC_NO_COMMON_BLOCKS = YES;
				GCC_OPTIMIZATION_LEVEL = 0;
				GCC_PREPROCESSOR_DEFINITIONS = (
					"DEBUG=1",
					"$(inherited)",
				);
				GCC_WARN_64_TO_32_BIT_CONVERSION = YES;
				GCC_WARN_ABOUT_RETURN_TYPE = YES_ERROR;
				GCC_WARN_UNDECLARED_SELECTOR = YES;
				GCC_WARN_UNINITIALIZED_AUTOS = YES_AGGRESSIVE;
				GCC_WARN_UNUSED_FUNCTION = YES;
				GCC_WARN_UNUSED_VARIABLE = YES;
				IPHONEOS_DEPLOYMENT_TARGET = 12.0;
				MTL_ENABLE_DEBUG_INFO = YES;
				ONLY_ACTIVE_ARCH = YES;
				SDKROOT = iphoneos;
				TARGETED_DEVICE_FAMILY = "1,2";
			};
			name = Debug;
		};
		97C147041CF9000F007C117D /* Release */ = {
			isa = XCBuildConfiguration;
			buildSettings = {
				ALWAYS_SEARCH_USER_PATHS = NO;
				ASSETCATALOG_COMPILER_GENERATE_SWIFT_ASSET_SYMBOL_EXTENSIONS = YES;
				CLANG_ANALYZER_NONNULL = YES;
				CLANG_CXX_LANGUAGE_STANDARD = "gnu++0x";
				CLANG_CXX_LIBRARY = "libc++";
				CLANG_ENABLE_MODULES = YES;
				CLANG_ENABLE_OBJC_ARC = YES;
				CLANG_WARN_BLOCK_CAPTURE_AUTORELEASING = YES;
				CLANG_WARN_BOOL_CONVERSION = YES;
				CLANG_WARN_COMMA = YES;
				CLANG_WARN_CONSTANT_CONVERSION = YES;
				CLANG_WARN_DEPRECATED_OBJC_IMPLEMENTATIONS = YES;
				CLANG_WARN_DIRECT_OBJC_ISA_USAGE = YES_ERROR;
				CLANG_WARN_EMPTY_BODY = YES;
				CLANG_WARN_ENUM_CONVERSION = YES;
				CLANG_WARN_INFINITE_RECURSION = YES;
				CLANG_WARN_INT_CONVERSION = YES;
				CLANG_WARN_NON_LITERAL_NULL_CONVERSION = YES;
				CLANG_WARN_OBJC_IMPLICIT_RETAIN_SELF = YES;
				CLANG_WARN_OBJC_LITERAL_CONVERSION = YES;
				CLANG_WARN_OBJC_ROOT_CLASS = YES_ERROR;
				CLANG_WARN_RANGE_LOOP_ANALYSIS = YES;
				CLANG_WARN_STRICT_PROTOTYPES = YES;
				CLANG_WARN_SUSPICIOUS_MOVE = YES;
				CLANG_WARN_UNREACHABLE_CODE = YES;
				CLANG_WARN__DUPLICATE_METHOD_MATCH = YES;
				"CODE_SIGN_IDENTITY[sdk=iphoneos*]" = "iPhone Developer";
				COPY_PHASE_STRIP = NO;
				DEBUG_INFORMATION_FORMAT = "dwarf-with-dsym";
				ENABLE_NS_ASSERTIONS = NO;
				ENABLE_STRICT_OBJC_MSGSEND = YES;
				ENABLE_USER_SCRIPT_SANDBOXING = NO;
				GCC_C_LANGUAGE_STANDARD = gnu99;
				GCC_NO_COMMON_BLOCKS = YES;
				GCC_WARN_64_TO_32_BIT_CONVERSION = YES;
				GCC_WARN_ABOUT_RETURN_TYPE = YES_ERROR;
				GCC_WARN_UNDECLARED_SELECTOR = YES;
				GCC_WARN_UNINITIALIZED_AUTOS = YES_AGGRESSIVE;
				GCC_WARN_UNUSED_FUNCTION = YES;
				GCC_WARN_UNUSED_VARIABLE = YES;
				IPHONEOS_DEPLOYMENT_TARGET = 12.0;
				MTL_ENABLE_DEBUG_INFO = NO;
				SDKROOT = iphoneos;
				SUPPORTED_PLATFORMS = iphoneos;
				SWIFT_COMPILATION_MODE = wholemodule;
				SWIFT_OPTIMIZATION_LEVEL = "-O";
				TARGETED_DEVICE_FAMILY = "1,2";
				VALIDATE_PRODUCT = YES;
			};
			name = Release;
		};
		97C147061CF9000F007C117D /* Debug */ = {
			isa = XCBuildConfiguration;
			baseConfigurationReference = 9740EEB21CF90195004384FC /* Debug.xcconfig */;
			buildSettings = {
				ASSETCATALOG_COMPILER_APPICON_NAME = AppIcon;
				CLANG_ENABLE_MODULES = YES;
				CURRENT_PROJECT_VERSION = "$(FLUTTER_BUILD_NUMBER)";
				DEVELOPMENT_TEAM = 4246JCVBMJ;
				ENABLE_BITCODE = NO;
				INFOPLIST_FILE = Runner/Info.plist;
				IPHONEOS_DEPLOYMENT_TARGET = 15.6;
				LD_RUNPATH_SEARCH_PATHS = (
					"$(inherited)",
					"@executable_path/Frameworks",
				);
				PRODUCT_BUNDLE_IDENTIFIER = com.example.pigeonSample;
				PRODUCT_NAME = "$(TARGET_NAME)";
				SWIFT_OBJC_BRIDGING_HEADER = "Runner/Runner-Bridging-Header.h";
				SWIFT_OPTIMIZATION_LEVEL = "-Onone";
				SWIFT_VERSION = 5.0;
				VERSIONING_SYSTEM = "apple-generic";
			};
			name = Debug;
		};
		97C147071CF9000F007C117D /* Release */ = {
			isa = XCBuildConfiguration;
			baseConfigurationReference = 7AFA3C8E1D35360C0083082E /* Release.xcconfig */;
			buildSettings = {
				ASSETCATALOG_COMPILER_APPICON_NAME = AppIcon;
				CLANG_ENABLE_MODULES = YES;
				CURRENT_PROJECT_VERSION = "$(FLUTTER_BUILD_NUMBER)";
				DEVELOPMENT_TEAM = 4246JCVBMJ;
				ENABLE_BITCODE = NO;
				INFOPLIST_FILE = Runner/Info.plist;
				IPHONEOS_DEPLOYMENT_TARGET = 15.6;
				LD_RUNPATH_SEARCH_PATHS = (
					"$(inherited)",
					"@executable_path/Frameworks",
				);
				PRODUCT_BUNDLE_IDENTIFIER = com.example.pigeonSample;
				PRODUCT_NAME = "$(TARGET_NAME)";
				SWIFT_OBJC_BRIDGING_HEADER = "Runner/Runner-Bridging-Header.h";
				SWIFT_VERSION = 5.0;
				VERSIONING_SYSTEM = "apple-generic";
			};
			name = Release;
		};
/* End XCBuildConfiguration section */

/* Begin XCConfigurationList section */
		331C8087294A63A400263BE5 /* Build configuration list for PBXNativeTarget "RunnerTests" */ = {
			isa = XCConfigurationList;
			buildConfigurations = (
				331C8088294A63A400263BE5 /* Debug */,
				331C8089294A63A400263BE5 /* Release */,
				331C808A294A63A400263BE5 /* Profile */,
			);
			defaultConfigurationIsVisible = 0;
			defaultConfigurationName = Release;
		};
		8AC9BA782CC51ECD007629B5 /* Build configuration list for PBXNativeTarget "MyWatch Watch App" */ = {
			isa = XCConfigurationList;
			buildConfigurations = (
				8AC9BA6F2CC51ECD007629B5 /* Debug */,
				8AC9BA702CC51ECD007629B5 /* Release */,
				8AC9BA712CC51ECD007629B5 /* Profile */,
			);
			defaultConfigurationIsVisible = 0;
			defaultConfigurationName = Release;
		};
		8AC9BA792CC51ECD007629B5 /* Build configuration list for PBXNativeTarget "MyWatch Watch AppTests" */ = {
			isa = XCConfigurationList;
			buildConfigurations = (
				8AC9BA722CC51ECD007629B5 /* Debug */,
				8AC9BA732CC51ECD007629B5 /* Release */,
				8AC9BA742CC51ECD007629B5 /* Profile */,
			);
			defaultConfigurationIsVisible = 0;
			defaultConfigurationName = Release;
		};
		8AC9BA7A2CC51ECD007629B5 /* Build configuration list for PBXNativeTarget "MyWatch Watch AppUITests" */ = {
			isa = XCConfigurationList;
			buildConfigurations = (
				8AC9BA752CC51ECD007629B5 /* Debug */,
				8AC9BA762CC51ECD007629B5 /* Release */,
				8AC9BA772CC51ECD007629B5 /* Profile */,
			);
			defaultConfigurationIsVisible = 0;
			defaultConfigurationName = Release;
		};
		97C146E91CF9000F007C117D /* Build configuration list for PBXProject "Runner" */ = {
			isa = XCConfigurationList;
			buildConfigurations = (
				97C147031CF9000F007C117D /* Debug */,
				97C147041CF9000F007C117D /* Release */,
				249021D3217E4FDB00AE95B9 /* Profile */,
			);
			defaultConfigurationIsVisible = 0;
			defaultConfigurationName = Release;
		};
		97C147051CF9000F007C117D /* Build configuration list for PBXNativeTarget "Runner" */ = {
			isa = XCConfigurationList;
			buildConfigurations = (
				97C147061CF9000F007C117D /* Debug */,
				97C147071CF9000F007C117D /* Release */,
				249021D4217E4FDB00AE95B9 /* Profile */,
			);
			defaultConfigurationIsVisible = 0;
			defaultConfigurationName = Release;
		};
/* End XCConfigurationList section */
	};
	rootObject = 97C146E61CF9000F007C117D /* Project object */;
}
